// !$*UTF8*$!
{
	archiveVersion = 1;
	classes = {
	};
	objectVersion = 56;
	objects = {

/* Begin PBXBuildFile section */
		8ECDBF6A2CFE71E200146AE2 /* SensorDetailsViewController.swift in Sources */ = {isa = PBXBuildFile; fileRef = 8ECDBF692CFE71E100146AE2 /* SensorDetailsViewController.swift */; };
		8ECDBF6C2CFEAB8A00146AE2 /* ServiceDetailsViewController.swift in Sources */ = {isa = PBXBuildFile; fileRef = 8ECDBF6B2CFEAB8A00146AE2 /* ServiceDetailsViewController.swift */; };
		8ED0DEE02CFD349400573695 /* AppDelegate.swift in Sources */ = {isa = PBXBuildFile; fileRef = 8ED0DEDF2CFD349400573695 /* AppDelegate.swift */; };
		8ED0DEE22CFD349400573695 /* SceneDelegate.swift in Sources */ = {isa = PBXBuildFile; fileRef = 8ED0DEE12CFD349400573695 /* SceneDelegate.swift */; };
		8ED0DEE72CFD349400573695 /* Main.storyboard in Resources */ = {isa = PBXBuildFile; fileRef = 8ED0DEE52CFD349400573695 /* Main.storyboard */; };
		8ED0DEEA2CFD349400573695 /* TrainersConnect.xcdatamodeld in Sources */ = {isa = PBXBuildFile; fileRef = 8ED0DEE82CFD349400573695 /* TrainersConnect.xcdatamodeld */; };
		8ED0DEEC2CFD349600573695 /* Assets.xcassets in Resources */ = {isa = PBXBuildFile; fileRef = 8ED0DEEB2CFD349600573695 /* Assets.xcassets */; };
		8ED0DEEF2CFD349600573695 /* LaunchScreen.storyboard in Resources */ = {isa = PBXBuildFile; fileRef = 8ED0DEED2CFD349600573695 /* LaunchScreen.storyboard */; };
		8ED0DEFA2CFD349600573695 /* TrainersConnectTests.swift in Sources */ = {isa = PBXBuildFile; fileRef = 8ED0DEF92CFD349600573695 /* TrainersConnectTests.swift */; };
		8ED0DF042CFD349600573695 /* TrainersConnectUITests.swift in Sources */ = {isa = PBXBuildFile; fileRef = 8ED0DF032CFD349600573695 /* TrainersConnectUITests.swift */; };
		8ED0DF062CFD349600573695 /* TrainersConnectUITestsLaunchTests.swift in Sources */ = {isa = PBXBuildFile; fileRef = 8ED0DF052CFD349600573695 /* TrainersConnectUITestsLaunchTests.swift */; };
		8ED0DF132CFD34AF00573695 /* Podfile in Resources */ = {isa = PBXBuildFile; fileRef = 8ED0DF122CFD34AF00573695 /* Podfile */; };
		8ED0DF152CFD40CB00573695 /* SensorListViewController.swift in Sources */ = {isa = PBXBuildFile; fileRef = 8ED0DF142CFD40CB00573695 /* SensorListViewController.swift */; };
		E2A0ABF583CCADEBE77F166E /* Pods_TrainersConnect.framework in Frameworks */ = {isa = PBXBuildFile; fileRef = B36D1B21D42FA29616EF82FA /* Pods_TrainersConnect.framework */; };
/* End PBXBuildFile section */

/* Begin PBXContainerItemProxy section */
		8ED0DEF62CFD349600573695 /* PBXContainerItemProxy */ = {
			isa = PBXContainerItemProxy;
			containerPortal = 8ED0DED42CFD349400573695 /* Project object */;
			proxyType = 1;
			remoteGlobalIDString = 8ED0DEDB2CFD349400573695;
			remoteInfo = TrainersConnect;
		};
		8ED0DF002CFD349600573695 /* PBXContainerItemProxy */ = {
			isa = PBXContainerItemProxy;
			containerPortal = 8ED0DED42CFD349400573695 /* Project object */;
			proxyType = 1;
			remoteGlobalIDString = 8ED0DEDB2CFD349400573695;
			remoteInfo = TrainersConnect;
		};
/* End PBXContainerItemProxy section */

/* Begin PBXFileReference section */
		773464BBD632E089E4DFB0EA /* Pods-TrainersConnect.release.xcconfig */ = {isa = PBXFileReference; includeInIndex = 1; lastKnownFileType = text.xcconfig; name = "Pods-TrainersConnect.release.xcconfig"; path = "Target Support Files/Pods-TrainersConnect/Pods-TrainersConnect.release.xcconfig"; sourceTree = "<group>"; };
		8ECDBF692CFE71E100146AE2 /* SensorDetailsViewController.swift */ = {isa = PBXFileReference; lastKnownFileType = sourcecode.swift; path = SensorDetailsViewController.swift; sourceTree = "<group>"; };
		8ECDBF6B2CFEAB8A00146AE2 /* ServiceDetailsViewController.swift */ = {isa = PBXFileReference; lastKnownFileType = sourcecode.swift; path = ServiceDetailsViewController.swift; sourceTree = "<group>"; };
		8ED0DEDC2CFD349400573695 /* TrainersConnect.app */ = {isa = PBXFileReference; explicitFileType = wrapper.application; includeInIndex = 0; path = TrainersConnect.app; sourceTree = BUILT_PRODUCTS_DIR; };
		8ED0DEDF2CFD349400573695 /* AppDelegate.swift */ = {isa = PBXFileReference; lastKnownFileType = sourcecode.swift; path = AppDelegate.swift; sourceTree = "<group>"; };
		8ED0DEE12CFD349400573695 /* SceneDelegate.swift */ = {isa = PBXFileReference; lastKnownFileType = sourcecode.swift; path = SceneDelegate.swift; sourceTree = "<group>"; };
		8ED0DEE62CFD349400573695 /* Base */ = {isa = PBXFileReference; lastKnownFileType = file.storyboard; name = Base; path = Base.lproj/Main.storyboard; sourceTree = "<group>"; };
		8ED0DEE92CFD349400573695 /* TrainersConnect.xcdatamodel */ = {isa = PBXFileReference; lastKnownFileType = wrapper.xcdatamodel; path = TrainersConnect.xcdatamodel; sourceTree = "<group>"; };
		8ED0DEEB2CFD349600573695 /* Assets.xcassets */ = {isa = PBXFileReference; lastKnownFileType = folder.assetcatalog; path = Assets.xcassets; sourceTree = "<group>"; };
		8ED0DEEE2CFD349600573695 /* Base */ = {isa = PBXFileReference; lastKnownFileType = file.storyboard; name = Base; path = Base.lproj/LaunchScreen.storyboard; sourceTree = "<group>"; };
		8ED0DEF02CFD349600573695 /* Info.plist */ = {isa = PBXFileReference; lastKnownFileType = text.plist.xml; path = Info.plist; sourceTree = "<group>"; };
		8ED0DEF52CFD349600573695 /* TrainersConnectTests.xctest */ = {isa = PBXFileReference; explicitFileType = wrapper.cfbundle; includeInIndex = 0; path = TrainersConnectTests.xctest; sourceTree = BUILT_PRODUCTS_DIR; };
		8ED0DEF92CFD349600573695 /* TrainersConnectTests.swift */ = {isa = PBXFileReference; lastKnownFileType = sourcecode.swift; path = TrainersConnectTests.swift; sourceTree = "<group>"; };
		8ED0DEFF2CFD349600573695 /* TrainersConnectUITests.xctest */ = {isa = PBXFileReference; explicitFileType = wrapper.cfbundle; includeInIndex = 0; path = TrainersConnectUITests.xctest; sourceTree = BUILT_PRODUCTS_DIR; };
		8ED0DF032CFD349600573695 /* TrainersConnectUITests.swift */ = {isa = PBXFileReference; lastKnownFileType = sourcecode.swift; path = TrainersConnectUITests.swift; sourceTree = "<group>"; };
		8ED0DF052CFD349600573695 /* TrainersConnectUITestsLaunchTests.swift */ = {isa = PBXFileReference; lastKnownFileType = sourcecode.swift; path = TrainersConnectUITestsLaunchTests.swift; sourceTree = "<group>"; };
		8ED0DF122CFD34AF00573695 /* Podfile */ = {isa = PBXFileReference; lastKnownFileType = text; path = Podfile; sourceTree = "<group>"; };
		8ED0DF142CFD40CB00573695 /* SensorListViewController.swift */ = {isa = PBXFileReference; lastKnownFileType = sourcecode.swift; path = SensorListViewController.swift; sourceTree = "<group>"; };
		B28849E5A30AA09EDE9598C3 /* Pods-TrainersConnect.debug.xcconfig */ = {isa = PBXFileReference; includeInIndex = 1; lastKnownFileType = text.xcconfig; name = "Pods-TrainersConnect.debug.xcconfig"; path = "Target Support Files/Pods-TrainersConnect/Pods-TrainersConnect.debug.xcconfig"; sourceTree = "<group>"; };
		B36D1B21D42FA29616EF82FA /* Pods_TrainersConnect.framework */ = {isa = PBXFileReference; explicitFileType = wrapper.framework; includeInIndex = 0; path = Pods_TrainersConnect.framework; sourceTree = BUILT_PRODUCTS_DIR; };
/* End PBXFileReference section */

/* Begin PBXFrameworksBuildPhase section */
		8ED0DED92CFD349400573695 /* Frameworks */ = {
			isa = PBXFrameworksBuildPhase;
			buildActionMask = 2147483647;
			files = (
				E2A0ABF583CCADEBE77F166E /* Pods_TrainersConnect.framework in Frameworks */,
			);
			runOnlyForDeploymentPostprocessing = 0;
		};
		8ED0DEF22CFD349600573695 /* Frameworks */ = {
			isa = PBXFrameworksBuildPhase;
			buildActionMask = 2147483647;
			files = (
			);
			runOnlyForDeploymentPostprocessing = 0;
		};
		8ED0DEFC2CFD349600573695 /* Frameworks */ = {
			isa = PBXFrameworksBuildPhase;
			buildActionMask = 2147483647;
			files = (
			);
			runOnlyForDeploymentPostprocessing = 0;
		};
/* End PBXFrameworksBuildPhase section */

/* Begin PBXGroup section */
		17C7777F353C0340F37B652A /* Pods */ = {
			isa = PBXGroup;
			children = (
				B28849E5A30AA09EDE9598C3 /* Pods-TrainersConnect.debug.xcconfig */,
				773464BBD632E089E4DFB0EA /* Pods-TrainersConnect.release.xcconfig */,
			);
			path = Pods;
			sourceTree = "<group>";
		};
		8ED0DED32CFD349400573695 = {
			isa = PBXGroup;
			children = (
				8ED0DF122CFD34AF00573695 /* Podfile */,
				8ED0DEDE2CFD349400573695 /* TrainersConnect */,
				8ED0DEF82CFD349600573695 /* TrainersConnectTests */,
				8ED0DF022CFD349600573695 /* TrainersConnectUITests */,
				8ED0DEDD2CFD349400573695 /* Products */,
				17C7777F353C0340F37B652A /* Pods */,
				BC6A7244E2B3F1770F1DAC5A /* Frameworks */,
			);
			sourceTree = "<group>";
		};
		8ED0DEDD2CFD349400573695 /* Products */ = {
			isa = PBXGroup;
			children = (
				8ED0DEDC2CFD349400573695 /* TrainersConnect.app */,
				8ED0DEF52CFD349600573695 /* TrainersConnectTests.xctest */,
				8ED0DEFF2CFD349600573695 /* TrainersConnectUITests.xctest */,
			);
			name = Products;
			sourceTree = "<group>";
		};
		8ED0DEDE2CFD349400573695 /* TrainersConnect */ = {
			isa = PBXGroup;
			children = (
				8ED0DEDF2CFD349400573695 /* AppDelegate.swift */,
				8ED0DEE12CFD349400573695 /* SceneDelegate.swift */,
				8ED0DEE52CFD349400573695 /* Main.storyboard */,
				8ED0DF142CFD40CB00573695 /* SensorListViewController.swift */,
				8ED0DEEB2CFD349600573695 /* Assets.xcassets */,
				8ED0DEED2CFD349600573695 /* LaunchScreen.storyboard */,
				8ED0DEF02CFD349600573695 /* Info.plist */,
				8ED0DEE82CFD349400573695 /* TrainersConnect.xcdatamodeld */,
				8ECDBF692CFE71E100146AE2 /* SensorDetailsViewController.swift */,
				8ECDBF6B2CFEAB8A00146AE2 /* ServiceDetailsViewController.swift */,
			);
			path = TrainersConnect;
			sourceTree = "<group>";
		};
		8ED0DEF82CFD349600573695 /* TrainersConnectTests */ = {
			isa = PBXGroup;
			children = (
				8ED0DEF92CFD349600573695 /* TrainersConnectTests.swift */,
			);
			path = TrainersConnectTests;
			sourceTree = "<group>";
		};
		8ED0DF022CFD349600573695 /* TrainersConnectUITests */ = {
			isa = PBXGroup;
			children = (
				8ED0DF032CFD349600573695 /* TrainersConnectUITests.swift */,
				8ED0DF052CFD349600573695 /* TrainersConnectUITestsLaunchTests.swift */,
			);
			path = TrainersConnectUITests;
			sourceTree = "<group>";
		};
		BC6A7244E2B3F1770F1DAC5A /* Frameworks */ = {
			isa = PBXGroup;
			children = (
				B36D1B21D42FA29616EF82FA /* Pods_TrainersConnect.framework */,
			);
			name = Frameworks;
			sourceTree = "<group>";
		};
/* End PBXGroup section */

/* Begin PBXNativeTarget section */
		8ED0DEDB2CFD349400573695 /* TrainersConnect */ = {
			isa = PBXNativeTarget;
			buildConfigurationList = 8ED0DF092CFD349600573695 /* Build configuration list for PBXNativeTarget "TrainersConnect" */;
			buildPhases = (
				0509305176A03D1EDA4BFC77 /* [CP] Check Pods Manifest.lock */,
				8ED0DED82CFD349400573695 /* Sources */,
				8ED0DED92CFD349400573695 /* Frameworks */,
				8ED0DEDA2CFD349400573695 /* Resources */,
				AD7E87472814567F059BBD23 /* [CP] Embed Pods Frameworks */,
			);
			buildRules = (
			);
			dependencies = (
			);
			name = TrainersConnect;
			productName = TrainersConnect;
			productReference = 8ED0DEDC2CFD349400573695 /* TrainersConnect.app */;
			productType = "com.apple.product-type.application";
		};
		8ED0DEF42CFD349600573695 /* TrainersConnectTests */ = {
			isa = PBXNativeTarget;
			buildConfigurationList = 8ED0DF0C2CFD349600573695 /* Build configuration list for PBXNativeTarget "TrainersConnectTests" */;
			buildPhases = (
				8ED0DEF12CFD349600573695 /* Sources */,
				8ED0DEF22CFD349600573695 /* Frameworks */,
				8ED0DEF32CFD349600573695 /* Resources */,
			);
			buildRules = (
			);
			dependencies = (
				8ED0DEF72CFD349600573695 /* PBXTargetDependency */,
			);
			name = TrainersConnectTests;
			productName = TrainersConnectTests;
			productReference = 8ED0DEF52CFD349600573695 /* TrainersConnectTests.xctest */;
			productType = "com.apple.product-type.bundle.unit-test";
		};
		8ED0DEFE2CFD349600573695 /* TrainersConnectUITests */ = {
			isa = PBXNativeTarget;
			buildConfigurationList = 8ED0DF0F2CFD349600573695 /* Build configuration list for PBXNativeTarget "TrainersConnectUITests" */;
			buildPhases = (
				8ED0DEFB2CFD349600573695 /* Sources */,
				8ED0DEFC2CFD349600573695 /* Frameworks */,
				8ED0DEFD2CFD349600573695 /* Resources */,
			);
			buildRules = (
			);
			dependencies = (
				8ED0DF012CFD349600573695 /* PBXTargetDependency */,
			);
			name = TrainersConnectUITests;
			productName = TrainersConnectUITests;
			productReference = 8ED0DEFF2CFD349600573695 /* TrainersConnectUITests.xctest */;
			productType = "com.apple.product-type.bundle.ui-testing";
		};
/* End PBXNativeTarget section */

/* Begin PBXProject section */
		8ED0DED42CFD349400573695 /* Project object */ = {
			isa = PBXProject;
			attributes = {
				BuildIndependentTargetsInParallel = 1;
				LastSwiftUpdateCheck = 1510;
				LastUpgradeCheck = 1510;
				TargetAttributes = {
					8ED0DEDB2CFD349400573695 = {
						CreatedOnToolsVersion = 15.1;
					};
					8ED0DEF42CFD349600573695 = {
						CreatedOnToolsVersion = 15.1;
						TestTargetID = 8ED0DEDB2CFD349400573695;
					};
					8ED0DEFE2CFD349600573695 = {
						CreatedOnToolsVersion = 15.1;
						TestTargetID = 8ED0DEDB2CFD349400573695;
					};
				};
			};
			buildConfigurationList = 8ED0DED72CFD349400573695 /* Build configuration list for PBXProject "TrainersConnect" */;
			compatibilityVersion = "Xcode 14.0";
			developmentRegion = en;
			hasScannedForEncodings = 0;
			knownRegions = (
				en,
				Base,
			);
			mainGroup = 8ED0DED32CFD349400573695;
			productRefGroup = 8ED0DEDD2CFD349400573695 /* Products */;
			projectDirPath = "";
			projectRoot = "";
			targets = (
				8ED0DEDB2CFD349400573695 /* TrainersConnect */,
				8ED0DEF42CFD349600573695 /* TrainersConnectTests */,
				8ED0DEFE2CFD349600573695 /* TrainersConnectUITests */,
			);
		};
/* End PBXProject section */

/* Begin PBXResourcesBuildPhase section */
		8ED0DEDA2CFD349400573695 /* Resources */ = {
			isa = PBXResourcesBuildPhase;
			buildActionMask = 2147483647;
			files = (
				8ED0DEEF2CFD349600573695 /* LaunchScreen.storyboard in Resources */,
				8ED0DEEC2CFD349600573695 /* Assets.xcassets in Resources */,
				8ED0DF132CFD34AF00573695 /* Podfile in Resources */,
				8ED0DEE72CFD349400573695 /* Main.storyboard in Resources */,
			);
			runOnlyForDeploymentPostprocessing = 0;
		};
		8ED0DEF32CFD349600573695 /* Resources */ = {
			isa = PBXResourcesBuildPhase;
			buildActionMask = 2147483647;
			files = (
			);
			runOnlyForDeploymentPostprocessing = 0;
		};
		8ED0DEFD2CFD349600573695 /* Resources */ = {
			isa = PBXResourcesBuildPhase;
			buildActionMask = 2147483647;
			files = (
			);
			runOnlyForDeploymentPostprocessing = 0;
		};
/* End PBXResourcesBuildPhase section */

/* Begin PBXShellScriptBuildPhase section */
		0509305176A03D1EDA4BFC77 /* [CP] Check Pods Manifest.lock */ = {
			isa = PBXShellScriptBuildPhase;
			buildActionMask = 2147483647;
			files = (
			);
			inputFileListPaths = (
			);
			inputPaths = (
				"${PODS_PODFILE_DIR_PATH}/Podfile.lock",
				"${PODS_ROOT}/Manifest.lock",
			);
			name = "[CP] Check Pods Manifest.lock";
			outputFileListPaths = (
			);
			outputPaths = (
				"$(DERIVED_FILE_DIR)/Pods-TrainersConnect-checkManifestLockResult.txt",
			);
			runOnlyForDeploymentPostprocessing = 0;
			shellPath = /bin/sh;
			shellScript = "diff \"${PODS_PODFILE_DIR_PATH}/Podfile.lock\" \"${PODS_ROOT}/Manifest.lock\" > /dev/null\nif [ $? != 0 ] ; then\n    # print error to STDERR\n    echo \"error: The sandbox is not in sync with the Podfile.lock. Run 'pod install' or update your CocoaPods installation.\" >&2\n    exit 1\nfi\n# This output is used by Xcode 'outputs' to avoid re-running this script phase.\necho \"SUCCESS\" > \"${SCRIPT_OUTPUT_FILE_0}\"\n";
			showEnvVarsInLog = 0;
		};
		AD7E87472814567F059BBD23 /* [CP] Embed Pods Frameworks */ = {
			isa = PBXShellScriptBuildPhase;
			buildActionMask = 2147483647;
			files = (
			);
			inputFileListPaths = (
				"${PODS_ROOT}/Target Support Files/Pods-TrainersConnect/Pods-TrainersConnect-frameworks-${CONFIGURATION}-input-files.xcfilelist",
			);
			name = "[CP] Embed Pods Frameworks";
			outputFileListPaths = (
				"${PODS_ROOT}/Target Support Files/Pods-TrainersConnect/Pods-TrainersConnect-frameworks-${CONFIGURATION}-output-files.xcfilelist",
			);
			runOnlyForDeploymentPostprocessing = 0;
			shellPath = /bin/sh;
			shellScript = "\"${PODS_ROOT}/Target Support Files/Pods-TrainersConnect/Pods-TrainersConnect-frameworks.sh\"\n";
			showEnvVarsInLog = 0;
		};
/* End PBXShellScriptBuildPhase section */

/* Begin PBXSourcesBuildPhase section */
		8ED0DED82CFD349400573695 /* Sources */ = {
			isa = PBXSourcesBuildPhase;
			buildActionMask = 2147483647;
			files = (
				8ECDBF6A2CFE71E200146AE2 /* SensorDetailsViewController.swift in Sources */,
				8ED0DEE02CFD349400573695 /* AppDelegate.swift in Sources */,
				8ED0DEEA2CFD349400573695 /* TrainersConnect.xcdatamodeld in Sources */,
				8ED0DF152CFD40CB00573695 /* SensorListViewController.swift in Sources */,
				8ED0DEE22CFD349400573695 /* SceneDelegate.swift in Sources */,
				8ECDBF6C2CFEAB8A00146AE2 /* ServiceDetailsViewController.swift in Sources */,
			);
			runOnlyForDeploymentPostprocessing = 0;
		};
		8ED0DEF12CFD349600573695 /* Sources */ = {
			isa = PBXSourcesBuildPhase;
			buildActionMask = 2147483647;
			files = (
				8ED0DEFA2CFD349600573695 /* TrainersConnectTests.swift in Sources */,
			);
			runOnlyForDeploymentPostprocessing = 0;
		};
		8ED0DEFB2CFD349600573695 /* Sources */ = {
			isa = PBXSourcesBuildPhase;
			buildActionMask = 2147483647;
			files = (
				8ED0DF042CFD349600573695 /* TrainersConnectUITests.swift in Sources */,
				8ED0DF062CFD349600573695 /* TrainersConnectUITestsLaunchTests.swift in Sources */,
			);
			runOnlyForDeploymentPostprocessing = 0;
		};
/* End PBXSourcesBuildPhase section */

/* Begin PBXTargetDependency section */
		8ED0DEF72CFD349600573695 /* PBXTargetDependency */ = {
			isa = PBXTargetDependency;
			target = 8ED0DEDB2CFD349400573695 /* TrainersConnect */;
			targetProxy = 8ED0DEF62CFD349600573695 /* PBXContainerItemProxy */;
		};
		8ED0DF012CFD349600573695 /* PBXTargetDependency */ = {
			isa = PBXTargetDependency;
			target = 8ED0DEDB2CFD349400573695 /* TrainersConnect */;
			targetProxy = 8ED0DF002CFD349600573695 /* PBXContainerItemProxy */;
		};
/* End PBXTargetDependency section */

/* Begin PBXVariantGroup section */
		8ED0DEE52CFD349400573695 /* Main.storyboard */ = {
			isa = PBXVariantGroup;
			children = (
				8ED0DEE62CFD349400573695 /* Base */,
			);
			name = Main.storyboard;
			sourceTree = "<group>";
		};
		8ED0DEED2CFD349600573695 /* LaunchScreen.storyboard */ = {
			isa = PBXVariantGroup;
			children = (
				8ED0DEEE2CFD349600573695 /* Base */,
			);
			name = LaunchScreen.storyboard;
			sourceTree = "<group>";
		};
/* End PBXVariantGroup section */

/* Begin XCBuildConfiguration section */
		8ED0DF072CFD349600573695 /* Debug */ = {
			isa = XCBuildConfiguration;
			buildSettings = {
				ALWAYS_SEARCH_USER_PATHS = NO;
				ASSETCATALOG_COMPILER_GENERATE_SWIFT_ASSET_SYMBOL_EXTENSIONS = YES;
				CLANG_ANALYZER_NONNULL = YES;
				CLANG_ANALYZER_NUMBER_OBJECT_CONVERSION = YES_AGGRESSIVE;
				CLANG_CXX_LANGUAGE_STANDARD = "gnu++20";
				CLANG_ENABLE_MODULES = YES;
				CLANG_ENABLE_OBJC_ARC = YES;
				CLANG_ENABLE_OBJC_WEAK = YES;
				CLANG_WARN_BLOCK_CAPTURE_AUTORELEASING = YES;
				CLANG_WARN_BOOL_CONVERSION = YES;
				CLANG_WARN_COMMA = YES;
				CLANG_WARN_CONSTANT_CONVERSION = YES;
				CLANG_WARN_DEPRECATED_OBJC_IMPLEMENTATIONS = YES;
				CLANG_WARN_DIRECT_OBJC_ISA_USAGE = YES_ERROR;
				CLANG_WARN_DOCUMENTATION_COMMENTS = YES;
				CLANG_WARN_EMPTY_BODY = YES;
				CLANG_WARN_ENUM_CONVERSION = YES;
				CLANG_WARN_INFINITE_RECURSION = YES;
				CLANG_WARN_INT_CONVERSION = YES;
				CLANG_WARN_NON_LITERAL_NULL_CONVERSION = YES;
				CLANG_WARN_OBJC_IMPLICIT_RETAIN_SELF = YES;
				CLANG_WARN_OBJC_LITERAL_CONVERSION = YES;
				CLANG_WARN_OBJC_ROOT_CLASS = YES_ERROR;
				CLANG_WARN_QUOTED_INCLUDE_IN_FRAMEWORK_HEADER = YES;
				CLANG_WARN_RANGE_LOOP_ANALYSIS = YES;
				CLANG_WARN_STRICT_PROTOTYPES = YES;
				CLANG_WARN_SUSPICIOUS_MOVE = YES;
				CLANG_WARN_UNGUARDED_AVAILABILITY = YES_AGGRESSIVE;
				CLANG_WARN_UNREACHABLE_CODE = YES;
				CLANG_WARN__DUPLICATE_METHOD_MATCH = YES;
				COPY_PHASE_STRIP = NO;
				DEBUG_INFORMATION_FORMAT = dwarf;
				ENABLE_STRICT_OBJC_MSGSEND = YES;
				ENABLE_TESTABILITY = YES;
				ENABLE_USER_SCRIPT_SANDBOXING = YES;
				"EXCLUDED_ARCHS[sdk=iphonesimulator*]" = arm64;
				GCC_C_LANGUAGE_STANDARD = gnu17;
				GCC_DYNAMIC_NO_PIC = NO;
				GCC_NO_COMMON_BLOCKS = YES;
				GCC_OPTIMIZATION_LEVEL = 0;
				GCC_PREPROCESSOR_DEFINITIONS = (
					"DEBUG=1",
					"$(inherited)",
				);
				GCC_WARN_64_TO_32_BIT_CONVERSION = YES;
				GCC_WARN_ABOUT_RETURN_TYPE = YES_ERROR;
				GCC_WARN_UNDECLARED_SELECTOR = YES;
				GCC_WARN_UNINITIALIZED_AUTOS = YES_AGGRESSIVE;
				GCC_WARN_UNUSED_FUNCTION = YES;
				GCC_WARN_UNUSED_VARIABLE = YES;
				IPHONEOS_DEPLOYMENT_TARGET = 17.2;
				LOCALIZATION_PREFERS_STRING_CATALOGS = YES;
				MTL_ENABLE_DEBUG_INFO = INCLUDE_SOURCE;
				MTL_FAST_MATH = YES;
				ONLY_ACTIVE_ARCH = NO;
				SDKROOT = iphoneos;
				SWIFT_ACTIVE_COMPILATION_CONDITIONS = "DEBUG $(inherited)";
				SWIFT_OPTIMIZATION_LEVEL = "-Onone";
			};
			name = Debug;
		};
		8ED0DF082CFD349600573695 /* Release */ = {
			isa = XCBuildConfiguration;
			buildSettings = {
				ALWAYS_SEARCH_USER_PATHS = NO;
				ASSETCATALOG_COMPILER_GENERATE_SWIFT_ASSET_SYMBOL_EXTENSIONS = YES;
				CLANG_ANALYZER_NONNULL = YES;
				CLANG_ANALYZER_NUMBER_OBJECT_CONVERSION = YES_AGGRESSIVE;
				CLANG_CXX_LANGUAGE_STANDARD = "gnu++20";
				CLANG_ENABLE_MODULES = YES;
				CLANG_ENABLE_OBJC_ARC = YES;
				CLANG_ENABLE_OBJC_WEAK = YES;
				CLANG_WARN_BLOCK_CAPTURE_AUTORELEASING = YES;
				CLANG_WARN_BOOL_CONVERSION = YES;
				CLANG_WARN_COMMA = YES;
				CLANG_WARN_CONSTANT_CONVERSION = YES;
				CLANG_WARN_DEPRECATED_OBJC_IMPLEMENTATIONS = YES;
				CLANG_WARN_DIRECT_OBJC_ISA_USAGE = YES_ERROR;
				CLANG_WARN_DOCUMENTATION_COMMENTS = YES;
				CLANG_WARN_EMPTY_BODY = YES;
				CLANG_WARN_ENUM_CONVERSION = YES;
				CLANG_WARN_INFINITE_RECURSION = YES;
				CLANG_WARN_INT_CONVERSION = YES;
				CLANG_WARN_NON_LITERAL_NULL_CONVERSION = YES;
				CLANG_WARN_OBJC_IMPLICIT_RETAIN_SELF = YES;
				CLANG_WARN_OBJC_LITERAL_CONVERSION = YES;
				CLANG_WARN_OBJC_ROOT_CLASS = YES_ERROR;
				CLANG_WARN_QUOTED_INCLUDE_IN_FRAMEWORK_HEADER = YES;
				CLANG_WARN_RANGE_LOOP_ANALYSIS = YES;
				CLANG_WARN_STRICT_PROTOTYPES = YES;
				CLANG_WARN_SUSPICIOUS_MOVE = YES;
				CLANG_WARN_UNGUARDED_AVAILABILITY = YES_AGGRESSIVE;
				CLANG_WARN_UNREACHABLE_CODE = YES;
				CLANG_WARN__DUPLICATE_METHOD_MATCH = YES;
				COPY_PHASE_STRIP = NO;
				DEBUG_INFORMATION_FORMAT = "dwarf-with-dsym";
				ENABLE_NS_ASSERTIONS = NO;
				ENABLE_STRICT_OBJC_MSGSEND = YES;
				ENABLE_USER_SCRIPT_SANDBOXING = YES;
				"EXCLUDED_ARCHS[sdk=iphonesimulator*]" = arm64;
				GCC_C_LANGUAGE_STANDARD = gnu17;
				GCC_NO_COMMON_BLOCKS = YES;
				GCC_WARN_64_TO_32_BIT_CONVERSION = YES;
				GCC_WARN_ABOUT_RETURN_TYPE = YES_ERROR;
				GCC_WARN_UNDECLARED_SELECTOR = YES;
				GCC_WARN_UNINITIALIZED_AUTOS = YES_AGGRESSIVE;
				GCC_WARN_UNUSED_FUNCTION = YES;
				GCC_WARN_UNUSED_VARIABLE = YES;
				IPHONEOS_DEPLOYMENT_TARGET = 17.2;
				LOCALIZATION_PREFERS_STRING_CATALOGS = YES;
				MTL_ENABLE_DEBUG_INFO = NO;
				MTL_FAST_MATH = YES;
				ONLY_ACTIVE_ARCH = NO;
				SDKROOT = iphoneos;
				SWIFT_COMPILATION_MODE = wholemodule;
				VALIDATE_PRODUCT = YES;
			};
			name = Release;
		};
		8ED0DF0A2CFD349600573695 /* Debug */ = {
			isa = XCBuildConfiguration;
			baseConfigurationReference = B28849E5A30AA09EDE9598C3 /* Pods-TrainersConnect.debug.xcconfig */;
			buildSettings = {
				ASSETCATALOG_COMPILER_APPICON_NAME = AppIcon;
				ASSETCATALOG_COMPILER_GLOBAL_ACCENT_COLOR_NAME = AccentColor;
				CODE_SIGN_STYLE = Automatic;
				CURRENT_PROJECT_VERSION = 1;
				DEVELOPMENT_TEAM = PVMQUANCSN;
				ENABLE_USER_SCRIPT_SANDBOXING = NO;
				GENERATE_INFOPLIST_FILE = YES;
				INFOPLIST_FILE = TrainersConnect/Info.plist;
				INFOPLIST_KEY_UIApplicationSupportsIndirectInputEvents = YES;
				INFOPLIST_KEY_UILaunchStoryboardName = LaunchScreen;
				INFOPLIST_KEY_UIMainStoryboardFile = Main;
				INFOPLIST_KEY_UISupportedInterfaceOrientations_iPad = "UIInterfaceOrientationPortrait UIInterfaceOrientationPortraitUpsideDown UIInterfaceOrientationLandscapeLeft UIInterfaceOrientationLandscapeRight";
				INFOPLIST_KEY_UISupportedInterfaceOrientations_iPhone = "UIInterfaceOrientationPortrait UIInterfaceOrientationLandscapeLeft UIInterfaceOrientationLandscapeRight";
				LD_RUNPATH_SEARCH_PATHS = (
					"$(inherited)",
					"@executable_path/Frameworks",
				);
				MARKETING_VERSION = 1.0;
				PRODUCT_BUNDLE_IDENTIFIER = com.company.TrainersConnect;
				PRODUCT_NAME = "$(TARGET_NAME)";
				SWIFT_EMIT_LOC_STRINGS = YES;
				SWIFT_VERSION = 5.0;
				TARGETED_DEVICE_FAMILY = "1,2";
			};
			name = Debug;
		};
		8ED0DF0B2CFD349600573695 /* Release */ = {
			isa = XCBuildConfiguration;
			baseConfigurationReference = 773464BBD632E089E4DFB0EA /* Pods-TrainersConnect.release.xcconfig */;
			buildSettings = {
				ASSETCATALOG_COMPILER_APPICON_NAME = AppIcon;
				ASSETCATALOG_COMPILER_GLOBAL_ACCENT_COLOR_NAME = AccentColor;
				CODE_SIGN_STYLE = Automatic;
				CURRENT_PROJECT_VERSION = 1;
				DEVELOPMENT_TEAM = PVMQUANCSN;
				ENABLE_USER_SCRIPT_SANDBOXING = NO;
				GENERATE_INFOPLIST_FILE = YES;
				INFOPLIST_FILE = TrainersConnect/Info.plist;
				INFOPLIST_KEY_UIApplicationSupportsIndirectInputEvents = YES;
				INFOPLIST_KEY_UILaunchStoryboardName = LaunchScreen;
				INFOPLIST_KEY_UIMainStoryboardFile = Main;
				INFOPLIST_KEY_UISupportedInterfaceOrientations_iPad = "UIInterfaceOrientationPortrait UIInterfaceOrientationPortraitUpsideDown UIInterfaceOrientationLandscapeLeft UIInterfaceOrientationLandscapeRight";
				INFOPLIST_KEY_UISupportedInterfaceOrientations_iPhone = "UIInterfaceOrientationPortrait UIInterfaceOrientationLandscapeLeft UIInterfaceOrientationLandscapeRight";
				LD_RUNPATH_SEARCH_PATHS = (
					"$(inherited)",
					"@executable_path/Frameworks",
				);
				MARKETING_VERSION = 1.0;
				PRODUCT_BUNDLE_IDENTIFIER = com.company.TrainersConnect;
				PRODUCT_NAME = "$(TARGET_NAME)";
				SWIFT_EMIT_LOC_STRINGS = YES;
				SWIFT_VERSION = 5.0;
				TARGETED_DEVICE_FAMILY = "1,2";
			};
			name = Release;
		};
		8ED0DF0D2CFD349600573695 /* Debug */ = {
			isa = XCBuildConfiguration;
			buildSettings = {
				ALWAYS_EMBED_SWIFT_STANDARD_LIBRARIES = YES;
				BUNDLE_LOADER = "$(TEST_HOST)";
				CODE_SIGN_STYLE = Automatic;
				CURRENT_PROJECT_VERSION = 1;
				DEVELOPMENT_TEAM = PVMQUANCSN;
				GENERATE_INFOPLIST_FILE = YES;
				IPHONEOS_DEPLOYMENT_TARGET = 17.2;
				MARKETING_VERSION = 1.0;
				PRODUCT_BUNDLE_IDENTIFIER = com.company.TrainersConnectTests;
				PRODUCT_NAME = "$(TARGET_NAME)";
				SWIFT_EMIT_LOC_STRINGS = NO;
				SWIFT_VERSION = 5.0;
				TARGETED_DEVICE_FAMILY = "1,2";
				TEST_HOST = "$(BUILT_PRODUCTS_DIR)/TrainersConnect.app/$(BUNDLE_EXECUTABLE_FOLDER_PATH)/TrainersConnect";
			};
			name = Debug;
		};
		8ED0DF0E2CFD349600573695 /* Release */ = {
			isa = XCBuildConfiguration;
			buildSettings = {
				ALWAYS_EMBED_SWIFT_STANDARD_LIBRARIES = YES;
				BUNDLE_LOADER = "$(TEST_HOST)";
				CODE_SIGN_STYLE = Automatic;
				CURRENT_PROJECT_VERSION = 1;
				DEVELOPMENT_TEAM = PVMQUANCSN;
				GENERATE_INFOPLIST_FILE = YES;
				IPHONEOS_DEPLOYMENT_TARGET = 17.2;
				MARKETING_VERSION = 1.0;
				PRODUCT_BUNDLE_IDENTIFIER = com.company.TrainersConnectTests;
				PRODUCT_NAME = "$(TARGET_NAME)";
				SWIFT_EMIT_LOC_STRINGS = NO;
				SWIFT_VERSION = 5.0;
				TARGETED_DEVICE_FAMILY = "1,2";
				TEST_HOST = "$(BUILT_PRODUCTS_DIR)/TrainersConnect.app/$(BUNDLE_EXECUTABLE_FOLDER_PATH)/TrainersConnect";
			};
			name = Release;
		};
		8ED0DF102CFD349600573695 /* Debug */ = {
			isa = XCBuildConfiguration;
			buildSettings = {
				ALWAYS_EMBED_SWIFT_STANDARD_LIBRARIES = YES;
				CODE_SIGN_STYLE = Automatic;
				CURRENT_PROJECT_VERSION = 1;
				DEVELOPMENT_TEAM = PVMQUANCSN;
				GENERATE_INFOPLIST_FILE = YES;
				MARKETING_VERSION = 1.0;
				PRODUCT_BUNDLE_IDENTIFIER = com.company.TrainersConnectUITests;
				PRODUCT_NAME = "$(TARGET_NAME)";
				SWIFT_EMIT_LOC_STRINGS = NO;
				SWIFT_VERSION = 5.0;
				TARGETED_DEVICE_FAMILY = "1,2";
				TEST_TARGET_NAME = TrainersConnect;
			};
			name = Debug;
		};
		8ED0DF112CFD349600573695 /* Release */ = {
			isa = XCBuildConfiguration;
			buildSettings = {
				ALWAYS_EMBED_SWIFT_STANDARD_LIBRARIES = YES;
				CODE_SIGN_STYLE = Automatic;
				CURRENT_PROJECT_VERSION = 1;
				DEVELOPMENT_TEAM = PVMQUANCSN;
				GENERATE_INFOPLIST_FILE = YES;
				MARKETING_VERSION = 1.0;
				PRODUCT_BUNDLE_IDENTIFIER = com.company.TrainersConnectUITests;
				PRODUCT_NAME = "$(TARGET_NAME)";
				SWIFT_EMIT_LOC_STRINGS = NO;
				SWIFT_VERSION = 5.0;
				TARGETED_DEVICE_FAMILY = "1,2";
				TEST_TARGET_NAME = TrainersConnect;
			};
			name = Release;
		};
/* End XCBuildConfiguration section */

/* Begin XCConfigurationList section */
		8ED0DED72CFD349400573695 /* Build configuration list for PBXProject "TrainersConnect" */ = {
			isa = XCConfigurationList;
			buildConfigurations = (
				8ED0DF072CFD349600573695 /* Debug */,
				8ED0DF082CFD349600573695 /* Release */,
			);
			defaultConfigurationIsVisible = 0;
			defaultConfigurationName = Release;
		};
		8ED0DF092CFD349600573695 /* Build configuration list for PBXNativeTarget "TrainersConnect" */ = {
			isa = XCConfigurationList;
			buildConfigurations = (
				8ED0DF0A2CFD349600573695 /* Debug */,
				8ED0DF0B2CFD349600573695 /* Release */,
			);
			defaultConfigurationIsVisible = 0;
			defaultConfigurationName = Release;
		};
		8ED0DF0C2CFD349600573695 /* Build configuration list for PBXNativeTarget "TrainersConnectTests" */ = {
			isa = XCConfigurationList;
			buildConfigurations = (
				8ED0DF0D2CFD349600573695 /* Debug */,
				8ED0DF0E2CFD349600573695 /* Release */,
			);
			defaultConfigurationIsVisible = 0;
			defaultConfigurationName = Release;
		};
		8ED0DF0F2CFD349600573695 /* Build configuration list for PBXNativeTarget "TrainersConnectUITests" */ = {
			isa = XCConfigurationList;
			buildConfigurations = (
				8ED0DF102CFD349600573695 /* Debug */,
				8ED0DF112CFD349600573695 /* Release */,
			);
			defaultConfigurationIsVisible = 0;
			defaultConfigurationName = Release;
		};
/* End XCConfigurationList section */

/* Begin XCVersionGroup section */
		8ED0DEE82CFD349400573695 /* TrainersConnect.xcdatamodeld */ = {
			isa = XCVersionGroup;
			children = (
				8ED0DEE92CFD349400573695 /* TrainersConnect.xcdatamodel */,
			);
			currentVersion = 8ED0DEE92CFD349400573695 /* TrainersConnect.xcdatamodel */;
			path = TrainersConnect.xcdatamodeld;
			sourceTree = "<group>";
			versionGroupType = wrapper.xcdatamodel;
		};
/* End XCVersionGroup section */
	};
	rootObject = 8ED0DED42CFD349400573695 /* Project object */;
}
